
Microsoft Visual Studio Solution File, Format Version 12.00
# Visual Studio Version 16
VisualStudioVersion = 16.0.31702.278
MinimumVisualStudioVersion = 10.0.40219.1
Project("{9A19103F-16F7-4668-BE54-9A1E7A4F7556}") = "DevIO.Business", "src\DevIO.Business\DevIO.Business.csproj", "{09DD0D2D-9F4F-401D-8AE4-13B2CFA1F08D}"
EndProject
Project("{9A19103F-16F7-4668-BE54-9A1E7A4F7556}") = "DevIO.Data", "src\DevIO.Data\DevIO.Data.csproj", "{ABE12CB1-5B1F-4E21-9FAB-B51DAAC350D0}"
EndProject
Project("{FAE04EC0-301F-11D3-BF4B-00C04F79EFBC}") = "DevIO.Api", "src\DevIO.Api\DevIO.Api.csproj", "{AB490036-A9B4-4887-8DC4-F37340C9FFEC}"
EndProject
Global
	GlobalSection(SolutionConfigurationPlatforms) = preSolution
		Debug|Any CPU = Debug|Any CPU
		Release|Any CPU = Release|Any CPU
	EndGlobalSection
	GlobalSection(ProjectConfigurationPlatforms) = postSolution
		{09DD0D2D-9F4F-401D-8AE4-13B2CFA1F08D}.Debug|Any CPU.ActiveCfg = Debug|Any CPU
		{09DD0D2D-9F4F-401D-8AE4-13B2CFA1F08D}.Debug|Any CPU.Build.0 = Debug|Any CPU
		{09DD0D2D-9F4F-401D-8AE4-13B2CFA1F08D}.Release|Any CPU.ActiveCfg = Release|Any CPU
		{09DD0D2D-9F4F-401D-8AE4-13B2CFA1F08D}.Release|Any CPU.Build.0 = Release|Any CPU
		{ABE12CB1-5B1F-4E21-9FAB-B51DAAC350D0}.Debug|Any CPU.ActiveCfg = Debug|Any CPU
		{ABE12CB1-5B1F-4E21-9FAB-B51DAAC350D0}.Debug|Any CPU.Build.0 = Debug|Any CPU
		{ABE12CB1-5B1F-4E21-9FAB-B51DAAC350D0}.Release|Any CPU.ActiveCfg = Release|Any CPU
		{ABE12CB1-5B1F-4E21-9FAB-B51DAAC350D0}.Release|Any CPU.Build.0 = Release|Any CPU
		{AB490036-A9B4-4887-8DC4-F37340C9FFEC}.Debug|Any CPU.ActiveCfg = Debug|Any CPU
		{AB490036-A9B4-4887-8DC4-F37340C9FFEC}.Debug|Any CPU.Build.0 = Debug|Any CPU
		{AB490036-A9B4-4887-8DC4-F37340C9FFEC}.Release|Any CPU.ActiveCfg = Release|Any CPU
		{AB490036-A9B4-4887-8DC4-F37340C9FFEC}.Release|Any CPU.Build.0 = Release|Any CPU
	EndGlobalSection
	GlobalSection(SolutionProperties) = preSolution
		HideSolutionNode = FALSE
	EndGlobalSection
	GlobalSection(ExtensibilityGlobals) = postSolution
		SolutionGuid = {17E31F93-B177-401A-9332-1B2FEEB30BD4}
	EndGlobalSection
EndGlobal
